
Microsoft Visual Studio Solution File, Format Version 12.00
# Visual Studio Version 17
VisualStudioVersion = 17.6.33723.286
MinimumVisualStudioVersion = 10.0.40219.1
Project("{FAE04EC0-301F-11D3-BF4B-00C04F79EFBC}") = "EXAMEN PROGRA 2", "EXAMEN PROGRA 2\EXAMEN PROGRA 2.csproj", "{F427308C-F512-46A9-B8C6-754DB2450AA4}"
EndProject
Global
	GlobalSection(SolutionConfigurationPlatforms) = preSolution
		Debug|Any CPU = Debug|Any CPU
		Release|Any CPU = Release|Any CPU
	EndGlobalSection
	GlobalSection(ProjectConfigurationPlatforms) = postSolution
		{F427308C-F512-46A9-B8C6-754DB2450AA4}.Debug|Any CPU.ActiveCfg = Debug|Any CPU
		{F427308C-F512-46A9-B8C6-754DB2450AA4}.Debug|Any CPU.Build.0 = Debug|Any CPU
		{F427308C-F512-46A9-B8C6-754DB2450AA4}.Release|Any CPU.ActiveCfg = Release|Any CPU
		{F427308C-F512-46A9-B8C6-754DB2450AA4}.Release|Any CPU.Build.0 = Release|Any CPU
	EndGlobalSection
	GlobalSection(SolutionProperties) = preSolution
		HideSolutionNode = FALSE
	EndGlobalSection
	GlobalSection(ExtensibilityGlobals) = postSolution
		SolutionGuid = {43E3FDA1-638C-4007-B8D1-6BA8CB03E282}
	EndGlobalSection
EndGlobal
